
Microsoft Visual Studio Solution File, Format Version 12.00
# Visual Studio Version 16
VisualStudioVersion = 16.0.30517.126
MinimumVisualStudioVersion = 10.0.40219.1
Project("{FAE04EC0-301F-11D3-BF4B-00C04F79EFBC}") = "Calculator", "Calculator.csproj", "{1259DB78-E4C6-4EB9-8DB8-E7B946B2450E}"
EndProject
Global
	GlobalSection(SolutionConfigurationPlatforms) = preSolution
		Debug|Any CPU = Debug|Any CPU
		Release|Any CPU = Release|Any CPU
	EndGlobalSection
	GlobalSection(ProjectConfigurationPlatforms) = postSolution
		{1259DB78-E4C6-4EB9-8DB8-E7B946B2450E}.Debug|Any CPU.ActiveCfg = Debug|Any CPU
		{1259DB78-E4C6-4EB9-8DB8-E7B946B2450E}.Debug|Any CPU.Build.0 = Debug|Any CPU
		{1259DB78-E4C6-4EB9-8DB8-E7B946B2450E}.Release|Any CPU.ActiveCfg = Release|Any CPU
		{1259DB78-E4C6-4EB9-8DB8-E7B946B2450E}.Release|Any CPU.Build.0 = Release|Any CPU
	EndGlobalSection
	GlobalSection(SolutionProperties) = preSolution
		HideSolutionNode = FALSE
	EndGlobalSection
	GlobalSection(ExtensibilityGlobals) = postSolution
		SolutionGuid = {603B05F2-3C8E-4145-80DC-CCD1616E0609}
	EndGlobalSection
EndGlobal
